<?xml version="1.0" encoding="utf-8"?>
<Project ToolsVersion="4.0" xmlns="http://schemas.microsoft.com/developer/msbuild/2003">
  <ItemGroup>
    <Filter Include="Source Files">
      <UniqueIdentifier>{4d0a47e2-3336-49e0-b864-03a30811f2a2}</UniqueIdentifier>
      <Extensions>cpp;c;cxx;rc;def;r;odl;idl;hpj;bat</Extensions>
    </Filter>
    <Filter Include="Source Files\MMGR">
      <UniqueIdentifier>{53b272bd-2f61-4462-818c-ec97377f73c3}</UniqueIdentifier>
    </Filter>
    <Filter Include="Header Files">
      <UniqueIdentifier>{58ce3268-d9f4-454f-9ecc-748f29fc8e27}</UniqueIdentifier>
      <Extensions>h;hpp;hxx;hm;inl</Extensions>
    </Filter>
    <Filter Include="Source Files\TinyXML">
      <UniqueIdentifier>{be3a0c5f-1712-48be-9c4e-d12f4184ade6}</UniqueIdentifier>
    </Filter>
  </ItemGroup>
  <ItemGroup>
    <ClCompile Include="hgeanim.cpp">
      <Filter>Source Files</Filter>
    </ClCompile>
    <ClCompile Include="hgecolor.cpp">
      <Filter>Source Files</Filter>
    </ClCompile>
    <ClCompile Include="hgedistort.cpp">
      <Filter>Source Files</Filter>
    </ClCompile>
    <ClCompile Include="hgeEffectSystem.cpp">
      <Filter>Source Files</Filter>
    </ClCompile>
    <ClCompile Include="hgefont.cpp">
      <Filter>Source Files</Filter>
    </ClCompile>
    <ClCompile Include="hgegui.cpp">
      <Filter>Source Files</Filter>
    </ClCompile>
    <ClCompile Include="hgeguictrls.cpp">
      <Filter>Source Files</Filter>
    </ClCompile>
    <ClCompile Include="hgeparticle.cpp">
      <Filter>Source Files</Filter>
    </ClCompile>
    <ClCompile Include="hgepmanager.cpp">
      <Filter>Source Files</Filter>
    </ClCompile>
    <ClCompile Include="hgerect.cpp">
      <Filter>Source Files</Filter>
    </ClCompile>
    <ClCompile Include="hgeresource.cpp">
      <Filter>Source Files</Filter>
    </ClCompile>
    <ClCompile Include="hgesprite.cpp">
      <Filter>Source Files</Filter>
    </ClCompile>
    <ClCompile Include="hgestrings.cpp">
      <Filter>Source Files</Filter>
    </ClCompile>
    <ClCompile Include="hgevector.cpp">
      <Filter>Source Files</Filter>
    </ClCompile>
    <ClCompile Include="parser.cpp">
      <Filter>Source Files</Filter>
    </ClCompile>
    <ClCompile Include="resources.cpp">
      <Filter>Source Files</Filter>
    </ClCompile>
    <ClCompile Include="..\..\mmgr\mmgr.cpp">
      <Filter>Source Files\MMGR</Filter>
    </ClCompile>
    <ClCompile Include="..\..\TinyXML2\tinyxml2.cpp">
      <Filter>Source Files\TinyXML</Filter>
    </ClCompile>
  </ItemGroup>
  <ItemGroup>
    <ClInclude Include="..\..\mmgr\mmgr.h">
      <Filter>Source Files\MMGR</Filter>
    </ClInclude>
    <ClInclude Include="..\..\mmgr\nommgr.h">
      <Filter>Source Files\MMGR</Filter>
    </ClInclude>
    <ClInclude Include="..\..\include\hgeanim.h">
      <Filter>Header Files</Filter>
    </ClInclude>
    <ClInclude Include="..\..\include\hgecolor.h">
      <Filter>Header Files</Filter>
    </ClInclude>
    <ClInclude Include="..\..\include\hgedistort.h">
      <Filter>Header Files</Filter>
    </ClInclude>
    <ClInclude Include="..\..\include\hgeEffectSystem.h">
      <Filter>Header Files</Filter>
    </ClInclude>
    <ClInclude Include="..\..\include\hgefont.h">
      <Filter>Header Files</Filter>
    </ClInclude>
    <ClInclude Include="..\..\include\hgegui.h">
      <Filter>Header Files</Filter>
    </ClInclude>
    <ClInclude Include="..\..\include\hgeguictrls.h">
      <Filter>Header Files</Filter>
    </ClInclude>
    <ClInclude Include="..\..\include\hgeparticle.h">
      <Filter>Header Files</Filter>
    </ClInclude>
    <ClInclude Include="..\..\include\hgerect.h">
      <Filter>Header Files</Filter>
    </ClInclude>
    <ClInclude Include="..\..\include\hgeresource.h">
      <Filter>Header Files</Filter>
    </ClInclude>
    <ClInclude Include="..\..\include\hgesprite.h">
      <Filter>Header Files</Filter>
    </ClInclude>
    <ClInclude Include="..\..\include\hgestrings.h">
      <Filter>Header Files</Filter>
    </ClInclude>
    <ClInclude Include="..\..\include\hgevector.h">
      <Filter>Header Files</Filter>
    </ClInclude>
    <ClInclude Include="parser.h">
      <Filter>Header Files</Filter>
    </ClInclude>
    <ClInclude Include="resources.h">
      <Filter>Header Files</Filter>
    </ClInclude>
    <ClInclude Include="..\..\TinyXML2\tinyxml2.h">
      <Filter>Source Files\TinyXML</Filter>
    </ClInclude>
  </ItemGroup>
</Project>