<?xml version="1.0" encoding="utf-8"?>
<Project ToolsVersion="4.0" xmlns="http://schemas.microsoft.com/developer/msbuild/2003">
  <ItemGroup>
    <Filter Include="头文件">
      <UniqueIdentifier>{93995380-89BD-4b04-88EB-625FBE52EBFB}</UniqueIdentifier>
      <Extensions>h;hpp;hxx;hm;inl;inc;xsd</Extensions>
    </Filter>
    <Filter Include="头文件\Core">
      <UniqueIdentifier>{f5869ff7-8593-4cd5-b1b6-eeeb5b6e6e93}</UniqueIdentifier>
    </Filter>
    <Filter Include="头文件\Process">
      <UniqueIdentifier>{cc3e5254-a9b5-45c6-82d3-d126d95a204d}</UniqueIdentifier>
    </Filter>
    <Filter Include="源文件">
      <UniqueIdentifier>{4FC737F1-C7A5-4376-A066-2A32D752A2FF}</UniqueIdentifier>
      <Extensions>cpp;c;cc;cxx;def;odl;idl;hpj;bat;asm;asmx</Extensions>
    </Filter>
    <Filter Include="源文件\Core">
      <UniqueIdentifier>{0ab018d3-ff1b-4af7-a70e-bddeefccd028}</UniqueIdentifier>
    </Filter>
    <Filter Include="源文件\Process">
      <UniqueIdentifier>{f469ca1d-7bc9-40c1-9bf7-3b59d3e722af}</UniqueIdentifier>
    </Filter>
    <Filter Include="头文件\Class">
      <UniqueIdentifier>{6db8a6aa-b7f0-400d-9565-f243c66cdcae}</UniqueIdentifier>
    </Filter>
    <Filter Include="源文件\Class">
      <UniqueIdentifier>{8200f4c0-a060-4d4d-92ac-d11849429522}</UniqueIdentifier>
    </Filter>
    <Filter Include="头文件\Core\Export_Lua">
      <UniqueIdentifier>{68c4978b-c89d-47ca-9a8b-35521da0d336}</UniqueIdentifier>
    </Filter>
    <Filter Include="源文件\Core\Export_Lua">
      <UniqueIdentifier>{6ea9f44b-ec82-47bf-a9b5-3dfbae696040}</UniqueIdentifier>
    </Filter>
  </ItemGroup>
  <ItemGroup>
    <ClCompile Include="Core\BResource.cpp">
      <Filter>源文件\Core</Filter>
    </ClCompile>
    <ClCompile Include="Core\Export.cpp">
      <Filter>源文件\Core</Filter>
    </ClCompile>
    <ClCompile Include="Core\SpriteItemManager.cpp">
      <Filter>源文件\Core</Filter>
    </ClCompile>
    <ClCompile Include="Core\InitDllLoader.cpp">
      <Filter>源文件\Core</Filter>
    </ClCompile>
    <ClCompile Include="Core\Main.cpp">
      <Filter>源文件\Core</Filter>
    </ClCompile>
    <ClCompile Include="Process\Process.cpp">
      <Filter>源文件\Process</Filter>
    </ClCompile>
    <ClCompile Include="Core\GameInput.cpp">
      <Filter>源文件\Core</Filter>
    </ClCompile>
    <ClCompile Include="Class\InterObj.cpp">
      <Filter>源文件\Class</Filter>
    </ClCompile>
    <ClCompile Include="Class\BGItem.cpp">
      <Filter>源文件\Class</Filter>
    </ClCompile>
    <ClCompile Include="Class\BlockItem.cpp">
      <Filter>源文件\Class</Filter>
    </ClCompile>
    <ClCompile Include="Class\PlatformItem.cpp">
      <Filter>源文件\Class</Filter>
    </ClCompile>
    <ClCompile Include="Class\KillerItem.cpp">
      <Filter>源文件\Class</Filter>
    </ClCompile>
    <ClCompile Include="Class\InterObjManager.cpp">
      <Filter>源文件\Class</Filter>
    </ClCompile>
    <ClCompile Include="Class\Test.cpp">
      <Filter>源文件\Process</Filter>
    </ClCompile>
    <ClCompile Include="Class\Player.cpp">
      <Filter>源文件\Class</Filter>
    </ClCompile>
    <ClCompile Include="Core\Export_Lua.cpp">
      <Filter>源文件\Core\Export_Lua</Filter>
    </ClCompile>
    <ClCompile Include="Core\Export_Lua_Const.cpp">
      <Filter>源文件\Core\Export_Lua</Filter>
    </ClCompile>
    <ClCompile Include="Core\Export_Lua_Function.cpp">
      <Filter>源文件\Core\Export_Lua</Filter>
    </ClCompile>
    <ClCompile Include="Core\Export_Lua_Game.cpp">
      <Filter>源文件\Core\Export_Lua</Filter>
    </ClCompile>
    <ClCompile Include="Core\Export_Lua_HGE.cpp">
      <Filter>源文件\Core\Export_Lua</Filter>
    </ClCompile>
    <ClCompile Include="Core\Export_Lua_HGEHelper.cpp">
      <Filter>源文件\Core\Export_Lua</Filter>
    </ClCompile>
    <ClCompile Include="Core\BMath.cpp">
      <Filter>源文件\Core</Filter>
    </ClCompile>
    <ClCompile Include="Core\Export_Lua_Execute.cpp">
      <Filter>源文件\Core\Export_Lua</Filter>
    </ClCompile>
  </ItemGroup>
  <ItemGroup>
    <ClInclude Include="Header\BResource.h">
      <Filter>头文件\Core</Filter>
    </ClInclude>
    <ClInclude Include="Header\VectorList.h">
      <Filter>头文件\Core</Filter>
    </ClInclude>
    <ClInclude Include="Header\Const.h">
      <Filter>头文件\Core</Filter>
    </ClInclude>
    <ClInclude Include="Header\ConstResource.h">
      <Filter>头文件\Core</Filter>
    </ClInclude>
    <ClInclude Include="Header\DataStruct.h">
      <Filter>头文件\Core</Filter>
    </ClInclude>
    <ClInclude Include="Header\Export.h">
      <Filter>头文件\Core</Filter>
    </ClInclude>
    <ClInclude Include="Header\Main.h">
      <Filter>头文件\Core</Filter>
    </ClInclude>
    <ClInclude Include="Header\MainDependency.h">
      <Filter>头文件\Core</Filter>
    </ClInclude>
    <ClInclude Include="Header\SpriteItemManager.h">
      <Filter>头文件\Core</Filter>
    </ClInclude>
    <ClInclude Include="Header\Process.h">
      <Filter>头文件\Process</Filter>
    </ClInclude>
    <ClInclude Include="Header\GameInput.h">
      <Filter>头文件\Core</Filter>
    </ClInclude>
    <ClInclude Include="Header\InterObj.h">
      <Filter>头文件\Class</Filter>
    </ClInclude>
    <ClInclude Include="Header\BGItem.h">
      <Filter>头文件\Class</Filter>
    </ClInclude>
    <ClInclude Include="Header\BlockItem.h">
      <Filter>头文件\Class</Filter>
    </ClInclude>
    <ClInclude Include="Header\PlatformItem.h">
      <Filter>头文件\Class</Filter>
    </ClInclude>
    <ClInclude Include="Header\KillerItem.h">
      <Filter>头文件\Class</Filter>
    </ClInclude>
    <ClInclude Include="Header\InterObjManager.h">
      <Filter>头文件\Class</Filter>
    </ClInclude>
    <ClInclude Include="Header\Player.h">
      <Filter>头文件\Class</Filter>
    </ClInclude>
    <ClInclude Include="Header\Export_Lua.h">
      <Filter>头文件\Core\Export_Lua</Filter>
    </ClInclude>
    <ClInclude Include="Header\Export_Lua_Game.h">
      <Filter>头文件\Core\Export_Lua</Filter>
    </ClInclude>
    <ClInclude Include="Header\Export_Lua_HGE.h">
      <Filter>头文件\Core\Export_Lua</Filter>
    </ClInclude>
    <ClInclude Include="Header\Export_Lua_HGEHelp.h">
      <Filter>头文件\Core\Export_Lua</Filter>
    </ClInclude>
    <ClInclude Include="Header\BMath.h">
      <Filter>头文件\Core</Filter>
    </ClInclude>
    <ClInclude Include="Header\LuaConstDefine.h">
      <Filter>头文件\Core</Filter>
    </ClInclude>
    <ClInclude Include="Header\Export_Lua_Execute.h">
      <Filter>头文件\Core\Export_Lua</Filter>
    </ClInclude>
  </ItemGroup>
</Project>